
Microsoft Visual Studio Solution File, Format Version 12.00
# Visual Studio 15
VisualStudioVersion = 15.0.28010.2016
MinimumVisualStudioVersion = 10.0.40219.1
Project("{2150E333-8FDC-42A3-9474-1A3956D46DE8}") = "0_Domain", "0_Domain", "{876FEAFF-CD94-4347-A1C2-CDAF5E7DD487}"
EndProject
Project("{FAE04EC0-301F-11D3-BF4B-00C04F79EFBC}") = "Escola.Domain.Tests", "Escola.Domain.Tests\Escola.Domain.Tests.csproj", "{8A0845BA-DD58-40A1-93B5-F6D3796AC0D4}"
EndProject
Project("{FAE04EC0-301F-11D3-BF4B-00C04F79EFBC}") = "Escola.Api", "Escola.Api\Escola.Api.csproj", "{698D58B7-5580-48D9-9EB3-AF345C29A642}"
EndProject
Global
	GlobalSection(SolutionConfigurationPlatforms) = preSolution
		Debug|Any CPU = Debug|Any CPU
		Release|Any CPU = Release|Any CPU
	EndGlobalSection
	GlobalSection(ProjectConfigurationPlatforms) = postSolution
		{8A0845BA-DD58-40A1-93B5-F6D3796AC0D4}.Debug|Any CPU.ActiveCfg = Debug|Any CPU
		{8A0845BA-DD58-40A1-93B5-F6D3796AC0D4}.Debug|Any CPU.Build.0 = Debug|Any CPU
		{8A0845BA-DD58-40A1-93B5-F6D3796AC0D4}.Release|Any CPU.ActiveCfg = Release|Any CPU
		{8A0845BA-DD58-40A1-93B5-F6D3796AC0D4}.Release|Any CPU.Build.0 = Release|Any CPU
		{698D58B7-5580-48D9-9EB3-AF345C29A642}.Debug|Any CPU.ActiveCfg = Debug|Any CPU
		{698D58B7-5580-48D9-9EB3-AF345C29A642}.Debug|Any CPU.Build.0 = Debug|Any CPU
		{698D58B7-5580-48D9-9EB3-AF345C29A642}.Release|Any CPU.ActiveCfg = Release|Any CPU
		{698D58B7-5580-48D9-9EB3-AF345C29A642}.Release|Any CPU.Build.0 = Release|Any CPU
	EndGlobalSection
	GlobalSection(SolutionProperties) = preSolution
		HideSolutionNode = FALSE
	EndGlobalSection
	GlobalSection(NestedProjects) = preSolution
		{8A0845BA-DD58-40A1-93B5-F6D3796AC0D4} = {876FEAFF-CD94-4347-A1C2-CDAF5E7DD487}
	EndGlobalSection
	GlobalSection(ExtensibilityGlobals) = postSolution
		SolutionGuid = {93B4707A-1BD2-4C1B-9C5A-6EDAFED02FB2}
	EndGlobalSection
EndGlobal
